// !$*UTF8*$!
{
	archiveVersion = 1;
	classes = {
	};
	objectVersion = 46;
	objects = {

/* Begin PBXBuildFile section */
		7B06ABE8192C341100DE95D7 /* Foundation.framework in Frameworks */ = {isa = PBXBuildFile; fileRef = 7B06ABE7192C341100DE95D7 /* Foundation.framework */; };
		7B06ABEA192C341100DE95D7 /* CoreGraphics.framework in Frameworks */ = {isa = PBXBuildFile; fileRef = 7B06ABE9192C341100DE95D7 /* CoreGraphics.framework */; };
		7B06ABEC192C341100DE95D7 /* UIKit.framework in Frameworks */ = {isa = PBXBuildFile; fileRef = 7B06ABEB192C341100DE95D7 /* UIKit.framework */; };
		7B06ABF2192C341100DE95D7 /* InfoPlist.strings in Resources */ = {isa = PBXBuildFile; fileRef = 7B06ABF0192C341100DE95D7 /* InfoPlist.strings */; };
		7B06ABF4192C341100DE95D7 /* main.m in Sources */ = {isa = PBXBuildFile; fileRef = 7B06ABF3192C341100DE95D7 /* main.m */; };
		7B06ABF8192C341100DE95D7 /* AppDelegate.m in Sources */ = {isa = PBXBuildFile; fileRef = 7B06ABF7192C341100DE95D7 /* AppDelegate.m */; };
		7B06ABFA192C341100DE95D7 /* Images.xcassets in Resources */ = {isa = PBXBuildFile; fileRef = 7B06ABF9192C341100DE95D7 /* Images.xcassets */; };
		7B06AC01192C341100DE95D7 /* XCTest.framework in Frameworks */ = {isa = PBXBuildFile; fileRef = 7B06AC00192C341100DE95D7 /* XCTest.framework */; };
		7B06AC02192C341100DE95D7 /* Foundation.framework in Frameworks */ = {isa = PBXBuildFile; fileRef = 7B06ABE7192C341100DE95D7 /* Foundation.framework */; };
		7B06AC03192C341100DE95D7 /* UIKit.framework in Frameworks */ = {isa = PBXBuildFile; fileRef = 7B06ABEB192C341100DE95D7 /* UIKit.framework */; };
		7B06AC0B192C341100DE95D7 /* InfoPlist.strings in Resources */ = {isa = PBXBuildFile; fileRef = 7B06AC09192C341100DE95D7 /* InfoPlist.strings */; };
		7B06AC0D192C341100DE95D7 /* DoubleColorBallRushTests.m in Sources */ = {isa = PBXBuildFile; fileRef = 7B06AC0C192C341100DE95D7 /* DoubleColorBallRushTests.m */; };
		7B06AC19192C3E7B00DE95D7 /* MainViewController.m in Sources */ = {isa = PBXBuildFile; fileRef = 7B06AC18192C3E7B00DE95D7 /* MainViewController.m */; };
		7B7017B1192EE5F800ED643E /* ResultViewController.m in Sources */ = {isa = PBXBuildFile; fileRef = 7B7017AF192EE5F800ED643E /* ResultViewController.m */; };
		7B7017B2192EE5F800ED643E /* ResultViewController.xib in Resources */ = {isa = PBXBuildFile; fileRef = 7B7017B0192EE5F800ED643E /* ResultViewController.xib */; };
		7B7017B5192EEDF800ED643E /* world_blue.png in Resources */ = {isa = PBXBuildFile; fileRef = 7B7017B3192EEDF800ED643E /* world_blue.png */; };
		7B7017B6192EEDF800ED643E /* world_red.png in Resources */ = {isa = PBXBuildFile; fileRef = 7B7017B4192EEDF800ED643E /* world_red.png */; };
		7B7017B8192EFC9600ED643E /* balls_bg.png in Resources */ = {isa = PBXBuildFile; fileRef = 7B7017B7192EFC9600ED643E /* balls_bg.png */; };
		7B7017BB192F15B100ED643E /* CommonUtils.m in Sources */ = {isa = PBXBuildFile; fileRef = 7B7017BA192F15B100ED643E /* CommonUtils.m */; };
		7B7017BD192F258A00ED643E /* big_bg.jpeg in Resources */ = {isa = PBXBuildFile; fileRef = 7B7017BC192F258A00ED643E /* big_bg.jpeg */; };
		7B81F363192C49C600B1218B /* BaseRunBL.m in Sources */ = {isa = PBXBuildFile; fileRef = 7B81F362192C49C600B1218B /* BaseRunBL.m */; };
		7B81F367192C4D3100B1218B /* DoubleColorRunBL.m in Sources */ = {isa = PBXBuildFile; fileRef = 7B81F366192C4D3100B1218B /* DoubleColorRunBL.m */; };
		7B81F36A192C817D00B1218B /* ResultConsts.m in Sources */ = {isa = PBXBuildFile; fileRef = 7B81F369192C817D00B1218B /* ResultConsts.m */; };
/* End PBXBuildFile section */

/* Begin PBXContainerItemProxy section */
		7B06AC04192C341100DE95D7 /* PBXContainerItemProxy */ = {
			isa = PBXContainerItemProxy;
			containerPortal = 7B06ABDC192C341100DE95D7 /* Project object */;
			proxyType = 1;
			remoteGlobalIDString = 7B06ABE3192C341100DE95D7;
			remoteInfo = DoubleColorBallRush;
		};
/* End PBXContainerItemProxy section */

/* Begin PBXFileReference section */
		7B06ABE4192C341100DE95D7 /* DoubleColorBallRush.app */ = {isa = PBXFileReference; explicitFileType = wrapper.application; includeInIndex = 0; path = DoubleColorBallRush.app; sourceTree = BUILT_PRODUCTS_DIR; };
		7B06ABE7192C341100DE95D7 /* Foundation.framework */ = {isa = PBXFileReference; lastKnownFileType = wrapper.framework; name = Foundation.framework; path = System/Library/Frameworks/Foundation.framework; sourceTree = SDKROOT; };
		7B06ABE9192C341100DE95D7 /* CoreGraphics.framework */ = {isa = PBXFileReference; lastKnownFileType = wrapper.framework; name = CoreGraphics.framework; path = System/Library/Frameworks/CoreGraphics.framework; sourceTree = SDKROOT; };
		7B06ABEB192C341100DE95D7 /* UIKit.framework */ = {isa = PBXFileReference; lastKnownFileType = wrapper.framework; name = UIKit.framework; path = System/Library/Frameworks/UIKit.framework; sourceTree = SDKROOT; };
		7B06ABEF192C341100DE95D7 /* DoubleColorBallRush-Info.plist */ = {isa = PBXFileReference; lastKnownFileType = text.plist.xml; path = "DoubleColorBallRush-Info.plist"; sourceTree = "<group>"; };
		7B06ABF1192C341100DE95D7 /* en */ = {isa = PBXFileReference; lastKnownFileType = text.plist.strings; name = en; path = en.lproj/InfoPlist.strings; sourceTree = "<group>"; };
		7B06ABF3192C341100DE95D7 /* main.m */ = {isa = PBXFileReference; lastKnownFileType = sourcecode.c.objc; path = main.m; sourceTree = "<group>"; };
		7B06ABF5192C341100DE95D7 /* DoubleColorBallRush-Prefix.pch */ = {isa = PBXFileReference; lastKnownFileType = sourcecode.c.h; path = "DoubleColorBallRush-Prefix.pch"; sourceTree = "<group>"; };
		7B06ABF6192C341100DE95D7 /* AppDelegate.h */ = {isa = PBXFileReference; lastKnownFileType = sourcecode.c.h; path = AppDelegate.h; sourceTree = "<group>"; };
		7B06ABF7192C341100DE95D7 /* AppDelegate.m */ = {isa = PBXFileReference; lastKnownFileType = sourcecode.c.objc; path = AppDelegate.m; sourceTree = "<group>"; };
		7B06ABF9192C341100DE95D7 /* Images.xcassets */ = {isa = PBXFileReference; lastKnownFileType = folder.assetcatalog; path = Images.xcassets; sourceTree = "<group>"; };
		7B06ABFF192C341100DE95D7 /* DoubleColorBallRushTests.xctest */ = {isa = PBXFileReference; explicitFileType = wrapper.cfbundle; includeInIndex = 0; path = DoubleColorBallRushTests.xctest; sourceTree = BUILT_PRODUCTS_DIR; };
		7B06AC00192C341100DE95D7 /* XCTest.framework */ = {isa = PBXFileReference; lastKnownFileType = wrapper.framework; name = XCTest.framework; path = Library/Frameworks/XCTest.framework; sourceTree = DEVELOPER_DIR; };
		7B06AC08192C341100DE95D7 /* DoubleColorBallRushTests-Info.plist */ = {isa = PBXFileReference; lastKnownFileType = text.plist.xml; path = "DoubleColorBallRushTests-Info.plist"; sourceTree = "<group>"; };
		7B06AC0A192C341100DE95D7 /* en */ = {isa = PBXFileReference; lastKnownFileType = text.plist.strings; name = en; path = en.lproj/InfoPlist.strings; sourceTree = "<group>"; };
		7B06AC0C192C341100DE95D7 /* DoubleColorBallRushTests.m */ = {isa = PBXFileReference; lastKnownFileType = sourcecode.c.objc; path = DoubleColorBallRushTests.m; sourceTree = "<group>"; };
		7B06AC17192C3E7B00DE95D7 /* MainViewController.h */ = {isa = PBXFileReference; fileEncoding = 4; lastKnownFileType = sourcecode.c.h; path = MainViewController.h; sourceTree = "<group>"; };
		7B06AC18192C3E7B00DE95D7 /* MainViewController.m */ = {isa = PBXFileReference; fileEncoding = 4; lastKnownFileType = sourcecode.c.objc; path = MainViewController.m; sourceTree = "<group>"; };
		7B7017AE192EE5F800ED643E /* ResultViewController.h */ = {isa = PBXFileReference; fileEncoding = 4; lastKnownFileType = sourcecode.c.h; path = ResultViewController.h; sourceTree = "<group>"; };
		7B7017AF192EE5F800ED643E /* ResultViewController.m */ = {isa = PBXFileReference; fileEncoding = 4; lastKnownFileType = sourcecode.c.objc; path = ResultViewController.m; sourceTree = "<group>"; };
		7B7017B0192EE5F800ED643E /* ResultViewController.xib */ = {isa = PBXFileReference; fileEncoding = 4; lastKnownFileType = file.xib; path = ResultViewController.xib; sourceTree = "<group>"; };
		7B7017B3192EEDF800ED643E /* world_blue.png */ = {isa = PBXFileReference; lastKnownFileType = image.png; name = world_blue.png; path = ../../../../Downloads/world_blue.png; sourceTree = "<group>"; };
		7B7017B4192EEDF800ED643E /* world_red.png */ = {isa = PBXFileReference; lastKnownFileType = image.png; name = world_red.png; path = ../../../../Downloads/world_red.png; sourceTree = "<group>"; };
		7B7017B7192EFC9600ED643E /* balls_bg.png */ = {isa = PBXFileReference; lastKnownFileType = image.png; name = balls_bg.png; path = ../../../../Downloads/balls_bg.png; sourceTree = "<group>"; };
		7B7017B9192F15B100ED643E /* CommonUtils.h */ = {isa = PBXFileReference; fileEncoding = 4; lastKnownFileType = sourcecode.c.h; path = CommonUtils.h; sourceTree = "<group>"; };
		7B7017BA192F15B100ED643E /* CommonUtils.m */ = {isa = PBXFileReference; fileEncoding = 4; lastKnownFileType = sourcecode.c.objc; path = CommonUtils.m; sourceTree = "<group>"; };
		7B7017BC192F258A00ED643E /* big_bg.jpeg */ = {isa = PBXFileReference; lastKnownFileType = image.jpeg; name = big_bg.jpeg; path = ../../../../Downloads/big_bg.jpeg; sourceTree = "<group>"; };
		7B81F361192C49C600B1218B /* BaseRunBL.h */ = {isa = PBXFileReference; fileEncoding = 4; lastKnownFileType = sourcecode.c.h; path = BaseRunBL.h; sourceTree = "<group>"; };
		7B81F362192C49C600B1218B /* BaseRunBL.m */ = {isa = PBXFileReference; fileEncoding = 4; lastKnownFileType = sourcecode.c.objc; path = BaseRunBL.m; sourceTree = "<group>"; };
		7B81F364192C4A1700B1218B /* RunDelegate.h */ = {isa = PBXFileReference; lastKnownFileType = sourcecode.c.h; path = RunDelegate.h; sourceTree = "<group>"; };
		7B81F365192C4D3100B1218B /* DoubleColorRunBL.h */ = {isa = PBXFileReference; fileEncoding = 4; lastKnownFileType = sourcecode.c.h; path = DoubleColorRunBL.h; sourceTree = "<group>"; };
		7B81F366192C4D3100B1218B /* DoubleColorRunBL.m */ = {isa = PBXFileReference; fileEncoding = 4; lastKnownFileType = sourcecode.c.objc; path = DoubleColorRunBL.m; sourceTree = "<group>"; };
		7B81F368192C817D00B1218B /* ResultConsts.h */ = {isa = PBXFileReference; fileEncoding = 4; lastKnownFileType = sourcecode.c.h; path = ResultConsts.h; sourceTree = "<group>"; };
		7B81F369192C817D00B1218B /* ResultConsts.m */ = {isa = PBXFileReference; fileEncoding = 4; lastKnownFileType = sourcecode.c.objc; path = ResultConsts.m; sourceTree = "<group>"; };
/* End PBXFileReference section */

/* Begin PBXFrameworksBuildPhase section */
		7B06ABE1192C341100DE95D7 /* Frameworks */ = {
			isa = PBXFrameworksBuildPhase;
			buildActionMask = 2147483647;
			files = (
				7B06ABEA192C341100DE95D7 /* CoreGraphics.framework in Frameworks */,
				7B06ABEC192C341100DE95D7 /* UIKit.framework in Frameworks */,
				7B06ABE8192C341100DE95D7 /* Foundation.framework in Frameworks */,
			);
			runOnlyForDeploymentPostprocessing = 0;
		};
		7B06ABFC192C341100DE95D7 /* Frameworks */ = {
			isa = PBXFrameworksBuildPhase;
			buildActionMask = 2147483647;
			files = (
				7B06AC01192C341100DE95D7 /* XCTest.framework in Frameworks */,
				7B06AC03192C341100DE95D7 /* UIKit.framework in Frameworks */,
				7B06AC02192C341100DE95D7 /* Foundation.framework in Frameworks */,
			);
			runOnlyForDeploymentPostprocessing = 0;
		};
/* End PBXFrameworksBuildPhase section */

/* Begin PBXGroup section */
		7B06ABDB192C341100DE95D7 = {
			isa = PBXGroup;
			children = (
				7B06ABED192C341100DE95D7 /* DoubleColorBallRush */,
				7B06AC06192C341100DE95D7 /* DoubleColorBallRushTests */,
				7B06ABE6192C341100DE95D7 /* Frameworks */,
				7B06ABE5192C341100DE95D7 /* Products */,
			);
			sourceTree = "<group>";
		};
		7B06ABE5192C341100DE95D7 /* Products */ = {
			isa = PBXGroup;
			children = (
				7B06ABE4192C341100DE95D7 /* DoubleColorBallRush.app */,
				7B06ABFF192C341100DE95D7 /* DoubleColorBallRushTests.xctest */,
			);
			name = Products;
			sourceTree = "<group>";
		};
		7B06ABE6192C341100DE95D7 /* Frameworks */ = {
			isa = PBXGroup;
			children = (
				7B06ABE7192C341100DE95D7 /* Foundation.framework */,
				7B06ABE9192C341100DE95D7 /* CoreGraphics.framework */,
				7B06ABEB192C341100DE95D7 /* UIKit.framework */,
				7B06AC00192C341100DE95D7 /* XCTest.framework */,
			);
			name = Frameworks;
			sourceTree = "<group>";
		};
		7B06ABED192C341100DE95D7 /* DoubleColorBallRush */ = {
			isa = PBXGroup;
			children = (
				7B81F370192C9AA600B1218B /* assets */,
				7B06AC16192C3D3500DE95D7 /* LogicUtils */,
				7B06ABF6192C341100DE95D7 /* AppDelegate.h */,
				7B06ABF7192C341100DE95D7 /* AppDelegate.m */,
				7B06ABF9192C341100DE95D7 /* Images.xcassets */,
				7B06ABEE192C341100DE95D7 /* Supporting Files */,
				7B06AC17192C3E7B00DE95D7 /* MainViewController.h */,
				7B06AC18192C3E7B00DE95D7 /* MainViewController.m */,
				7B7017AE192EE5F800ED643E /* ResultViewController.h */,
				7B7017AF192EE5F800ED643E /* ResultViewController.m */,
				7B7017B0192EE5F800ED643E /* ResultViewController.xib */,
			);
			path = DoubleColorBallRush;
			sourceTree = "<group>";
		};
		7B06ABEE192C341100DE95D7 /* Supporting Files */ = {
			isa = PBXGroup;
			children = (
				7B06ABEF192C341100DE95D7 /* DoubleColorBallRush-Info.plist */,
				7B06ABF0192C341100DE95D7 /* InfoPlist.strings */,
				7B06ABF3192C341100DE95D7 /* main.m */,
				7B06ABF5192C341100DE95D7 /* DoubleColorBallRush-Prefix.pch */,
			);
			name = "Supporting Files";
			sourceTree = "<group>";
		};
		7B06AC06192C341100DE95D7 /* DoubleColorBallRushTests */ = {
			isa = PBXGroup;
			children = (
				7B06AC0C192C341100DE95D7 /* DoubleColorBallRushTests.m */,
				7B06AC07192C341100DE95D7 /* Supporting Files */,
			);
			path = DoubleColorBallRushTests;
			sourceTree = "<group>";
		};
		7B06AC07192C341100DE95D7 /* Supporting Files */ = {
			isa = PBXGroup;
			children = (
				7B06AC08192C341100DE95D7 /* DoubleColorBallRushTests-Info.plist */,
				7B06AC09192C341100DE95D7 /* InfoPlist.strings */,
			);
			name = "Supporting Files";
			sourceTree = "<group>";
		};
		7B06AC16192C3D3500DE95D7 /* LogicUtils */ = {
			isa = PBXGroup;
			children = (
				7B81F361192C49C600B1218B /* BaseRunBL.h */,
				7B81F362192C49C600B1218B /* BaseRunBL.m */,
				7B81F364192C4A1700B1218B /* RunDelegate.h */,
				7B81F365192C4D3100B1218B /* DoubleColorRunBL.h */,
				7B81F366192C4D3100B1218B /* DoubleColorRunBL.m */,
				7B81F368192C817D00B1218B /* ResultConsts.h */,
				7B81F369192C817D00B1218B /* ResultConsts.m */,
				7B7017B9192F15B100ED643E /* CommonUtils.h */,
				7B7017BA192F15B100ED643E /* CommonUtils.m */,
			);
			name = LogicUtils;
			sourceTree = "<group>";
		};
		7B81F370192C9AA600B1218B /* assets */ = {
			isa = PBXGroup;
			children = (
				7B7017BC192F258A00ED643E /* big_bg.jpeg */,
				7B7017B7192EFC9600ED643E /* balls_bg.png */,
				7B7017B3192EEDF800ED643E /* world_blue.png */,
				7B7017B4192EEDF800ED643E /* world_red.png */,
			);
			name = assets;
			sourceTree = "<group>";
		};
/* End PBXGroup section */

/* Begin PBXNativeTarget section */
		7B06ABE3192C341100DE95D7 /* DoubleColorBallRush */ = {
			isa = PBXNativeTarget;
			buildConfigurationList = 7B06AC10192C341100DE95D7 /* Build configuration list for PBXNativeTarget "DoubleColorBallRush" */;
			buildPhases = (
				7B06ABE0192C341100DE95D7 /* Sources */,
				7B06ABE1192C341100DE95D7 /* Frameworks */,
				7B06ABE2192C341100DE95D7 /* Resources */,
			);
			buildRules = (
			);
			dependencies = (
			);
			name = DoubleColorBallRush;
			productName = DoubleColorBallRush;
			productReference = 7B06ABE4192C341100DE95D7 /* DoubleColorBallRush.app */;
			productType = "com.apple.product-type.application";
		};
		7B06ABFE192C341100DE95D7 /* DoubleColorBallRushTests */ = {
			isa = PBXNativeTarget;
			buildConfigurationList = 7B06AC13192C341100DE95D7 /* Build configuration list for PBXNativeTarget "DoubleColorBallRushTests" */;
			buildPhases = (
				7B06ABFB192C341100DE95D7 /* Sources */,
				7B06ABFC192C341100DE95D7 /* Frameworks */,
				7B06ABFD192C341100DE95D7 /* Resources */,
			);
			buildRules = (
			);
			dependencies = (
				7B06AC05192C341100DE95D7 /* PBXTargetDependency */,
			);
			name = DoubleColorBallRushTests;
			productName = DoubleColorBallRushTests;
			productReference = 7B06ABFF192C341100DE95D7 /* DoubleColorBallRushTests.xctest */;
			productType = "com.apple.product-type.bundle.unit-test";
		};
/* End PBXNativeTarget section */

/* Begin PBXProject section */
		7B06ABDC192C341100DE95D7 /* Project object */ = {
			isa = PBXProject;
			attributes = {
				LastUpgradeCheck = 0510;
				ORGANIZATIONNAME = gc;
				TargetAttributes = {
					7B06ABFE192C341100DE95D7 = {
						TestTargetID = 7B06ABE3192C341100DE95D7;
					};
				};
			};
			buildConfigurationList = 7B06ABDF192C341100DE95D7 /* Build configuration list for PBXProject "DoubleColorBallRush" */;
			compatibilityVersion = "Xcode 3.2";
			developmentRegion = English;
			hasScannedForEncodings = 0;
			knownRegions = (
				en,
			);
			mainGroup = 7B06ABDB192C341100DE95D7;
			productRefGroup = 7B06ABE5192C341100DE95D7 /* Products */;
			projectDirPath = "";
			projectRoot = "";
			targets = (
				7B06ABE3192C341100DE95D7 /* DoubleColorBallRush */,
				7B06ABFE192C341100DE95D7 /* DoubleColorBallRushTests */,
			);
		};
/* End PBXProject section */

/* Begin PBXResourcesBuildPhase section */
		7B06ABE2192C341100DE95D7 /* Resources */ = {
			isa = PBXResourcesBuildPhase;
			buildActionMask = 2147483647;
			files = (
				7B06ABF2192C341100DE95D7 /* InfoPlist.strings in Resources */,
				7B7017B6192EEDF800ED643E /* world_red.png in Resources */,
				7B7017B8192EFC9600ED643E /* balls_bg.png in Resources */,
				7B06ABFA192C341100DE95D7 /* Images.xcassets in Resources */,
				7B7017B5192EEDF800ED643E /* world_blue.png in Resources */,
				7B7017BD192F258A00ED643E /* big_bg.jpeg in Resources */,
				7B7017B2192EE5F800ED643E /* ResultViewController.xib in Resources */,
			);
			runOnlyForDeploymentPostprocessing = 0;
		};
		7B06ABFD192C341100DE95D7 /* Resources */ = {
			isa = PBXResourcesBuildPhase;
			buildActionMask = 2147483647;
			files = (
				7B06AC0B192C341100DE95D7 /* InfoPlist.strings in Resources */,
			);
			runOnlyForDeploymentPostprocessing = 0;
		};
/* End PBXResourcesBuildPhase section */

/* Begin PBXSourcesBuildPhase section */
		7B06ABE0192C341100DE95D7 /* Sources */ = {
			isa = PBXSourcesBuildPhase;
			buildActionMask = 2147483647;
			files = (
				7B81F367192C4D3100B1218B /* DoubleColorRunBL.m in Sources */,
				7B81F363192C49C600B1218B /* BaseRunBL.m in Sources */,
				7B7017BB192F15B100ED643E /* CommonUtils.m in Sources */,
				7B06ABF8192C341100DE95D7 /* AppDelegate.m in Sources */,
				7B06AC19192C3E7B00DE95D7 /* MainViewController.m in Sources */,
				7B81F36A192C817D00B1218B /* ResultConsts.m in Sources */,
				7B06ABF4192C341100DE95D7 /* main.m in Sources */,
				7B7017B1192EE5F800ED643E /* ResultViewController.m in Sources */,
			);
			runOnlyForDeploymentPostprocessing = 0;
		};
		7B06ABFB192C341100DE95D7 /* Sources */ = {
			isa = PBXSourcesBuildPhase;
			buildActionMask = 2147483647;
			files = (
				7B06AC0D192C341100DE95D7 /* DoubleColorBallRushTests.m in Sources */,
			);
			runOnlyForDeploymentPostprocessing = 0;
		};
/* End PBXSourcesBuildPhase section */

/* Begin PBXTargetDependency section */
		7B06AC05192C341100DE95D7 /* PBXTargetDependency */ = {
			isa = PBXTargetDependency;
			target = 7B06ABE3192C341100DE95D7 /* DoubleColorBallRush */;
			targetProxy = 7B06AC04192C341100DE95D7 /* PBXContainerItemProxy */;
		};
/* End PBXTargetDependency section */

/* Begin PBXVariantGroup section */
		7B06ABF0192C341100DE95D7 /* InfoPlist.strings */ = {
			isa = PBXVariantGroup;
			children = (
				7B06ABF1192C341100DE95D7 /* en */,
			);
			name = InfoPlist.strings;
			sourceTree = "<group>";
		};
		7B06AC09192C341100DE95D7 /* InfoPlist.strings */ = {
			isa = PBXVariantGroup;
			children = (
				7B06AC0A192C341100DE95D7 /* en */,
			);
			name = InfoPlist.strings;
			sourceTree = "<group>";
		};
/* End PBXVariantGroup section */

/* Begin XCBuildConfiguration section */
		7B06AC0E192C341100DE95D7 /* Debug */ = {
			isa = XCBuildConfiguration;
			buildSettings = {
				ALWAYS_SEARCH_USER_PATHS = NO;
				CLANG_CXX_LANGUAGE_STANDARD = "gnu++0x";
				CLANG_CXX_LIBRARY = "libc++";
				CLANG_ENABLE_MODULES = YES;
				CLANG_ENABLE_OBJC_ARC = YES;
				CLANG_WARN_BOOL_CONVERSION = YES;
				CLANG_WARN_CONSTANT_CONVERSION = YES;
				CLANG_WARN_DIRECT_OBJC_ISA_USAGE = YES_ERROR;
				CLANG_WARN_EMPTY_BODY = YES;
				CLANG_WARN_ENUM_CONVERSION = YES;
				CLANG_WARN_INT_CONVERSION = YES;
				CLANG_WARN_OBJC_ROOT_CLASS = YES_ERROR;
				CLANG_WARN__DUPLICATE_METHOD_MATCH = YES;
				"CODE_SIGN_IDENTITY[sdk=iphoneos*]" = "iPhone Developer";
				COPY_PHASE_STRIP = NO;
				GCC_C_LANGUAGE_STANDARD = gnu99;
				GCC_DYNAMIC_NO_PIC = NO;
				GCC_OPTIMIZATION_LEVEL = 0;
				GCC_PREPROCESSOR_DEFINITIONS = (
					"DEBUG=1",
					"$(inherited)",
				);
				GCC_SYMBOLS_PRIVATE_EXTERN = NO;
				GCC_WARN_64_TO_32_BIT_CONVERSION = YES;
				GCC_WARN_ABOUT_RETURN_TYPE = YES_ERROR;
				GCC_WARN_UNDECLARED_SELECTOR = YES;
				GCC_WARN_UNINITIALIZED_AUTOS = YES_AGGRESSIVE;
				GCC_WARN_UNUSED_FUNCTION = YES;
				GCC_WARN_UNUSED_VARIABLE = YES;
				IPHONEOS_DEPLOYMENT_TARGET = 7.1;
				ONLY_ACTIVE_ARCH = YES;
				SDKROOT = iphoneos;
			};
			name = Debug;
		};
		7B06AC0F192C341100DE95D7 /* Release */ = {
			isa = XCBuildConfiguration;
			buildSettings = {
				ALWAYS_SEARCH_USER_PATHS = NO;
				CLANG_CXX_LANGUAGE_STANDARD = "gnu++0x";
				CLANG_CXX_LIBRARY = "libc++";
				CLANG_ENABLE_MODULES = YES;
				CLANG_ENABLE_OBJC_ARC = YES;
				CLANG_WARN_BOOL_CONVERSION = YES;
				CLANG_WARN_CONSTANT_CONVERSION = YES;
				CLANG_WARN_DIRECT_OBJC_ISA_USAGE = YES_ERROR;
				CLANG_WARN_EMPTY_BODY = YES;
				CLANG_WARN_ENUM_CONVERSION = YES;
				CLANG_WARN_INT_CONVERSION = YES;
				CLANG_WARN_OBJC_ROOT_CLASS = YES_ERROR;
				CLANG_WARN__DUPLICATE_METHOD_MATCH = YES;
				"CODE_SIGN_IDENTITY[sdk=iphoneos*]" = "iPhone Developer";
				COPY_PHASE_STRIP = YES;
				ENABLE_NS_ASSERTIONS = NO;
				GCC_C_LANGUAGE_STANDARD = gnu99;
				GCC_WARN_64_TO_32_BIT_CONVERSION = YES;
				GCC_WARN_ABOUT_RETURN_TYPE = YES_ERROR;
				GCC_WARN_UNDECLARED_SELECTOR = YES;
				GCC_WARN_UNINITIALIZED_AUTOS = YES_AGGRESSIVE;
				GCC_WARN_UNUSED_FUNCTION = YES;
				GCC_WARN_UNUSED_VARIABLE = YES;
				IPHONEOS_DEPLOYMENT_TARGET = 7.1;
				SDKROOT = iphoneos;
				VALIDATE_PRODUCT = YES;
			};
			name = Release;
		};
		7B06AC11192C341100DE95D7 /* Debug */ = {
			isa = XCBuildConfiguration;
			buildSettings = {
				ASSETCATALOG_COMPILER_APPICON_NAME = AppIcon;
				ASSETCATALOG_COMPILER_LAUNCHIMAGE_NAME = LaunchImage;
				GCC_PRECOMPILE_PREFIX_HEADER = YES;
				GCC_PREFIX_HEADER = "DoubleColorBallRush/DoubleColorBallRush-Prefix.pch";
				INFOPLIST_FILE = "DoubleColorBallRush/DoubleColorBallRush-Info.plist";
				PRODUCT_NAME = "$(TARGET_NAME)";
				WRAPPER_EXTENSION = app;
			};
			name = Debug;
		};
		7B06AC12192C341100DE95D7 /* Release */ = {
			isa = XCBuildConfiguration;
			buildSettings = {
				ASSETCATALOG_COMPILER_APPICON_NAME = AppIcon;
				ASSETCATALOG_COMPILER_LAUNCHIMAGE_NAME = LaunchImage;
				GCC_PRECOMPILE_PREFIX_HEADER = YES;
				GCC_PREFIX_HEADER = "DoubleColorBallRush/DoubleColorBallRush-Prefix.pch";
				INFOPLIST_FILE = "DoubleColorBallRush/DoubleColorBallRush-Info.plist";
				PRODUCT_NAME = "$(TARGET_NAME)";
				WRAPPER_EXTENSION = app;
			};
			name = Release;
		};
		7B06AC14192C341100DE95D7 /* Debug */ = {
			isa = XCBuildConfiguration;
			buildSettings = {
				BUNDLE_LOADER = "$(BUILT_PRODUCTS_DIR)/DoubleColorBallRush.app/DoubleColorBallRush";
				FRAMEWORK_SEARCH_PATHS = (
					"$(SDKROOT)/Developer/Library/Frameworks",
					"$(inherited)",
					"$(DEVELOPER_FRAMEWORKS_DIR)",
				);
				GCC_PRECOMPILE_PREFIX_HEADER = YES;
				GCC_PREFIX_HEADER = "DoubleColorBallRush/DoubleColorBallRush-Prefix.pch";
				GCC_PREPROCESSOR_DEFINITIONS = (
					"DEBUG=1",
					"$(inherited)",
				);
				INFOPLIST_FILE = "DoubleColorBallRushTests/DoubleColorBallRushTests-Info.plist";
				PRODUCT_NAME = "$(TARGET_NAME)";
				TEST_HOST = "$(BUNDLE_LOADER)";
				WRAPPER_EXTENSION = xctest;
			};
			name = Debug;
		};
		7B06AC15192C341100DE95D7 /* Release */ = {
			isa = XCBuildConfiguration;
			buildSettings = {
				BUNDLE_LOADER = "$(BUILT_PRODUCTS_DIR)/DoubleColorBallRush.app/DoubleColorBallRush";
				FRAMEWORK_SEARCH_PATHS = (
					"$(SDKROOT)/Developer/Library/Frameworks",
					"$(inherited)",
					"$(DEVELOPER_FRAMEWORKS_DIR)",
				);
				GCC_PRECOMPILE_PREFIX_HEADER = YES;
				GCC_PREFIX_HEADER = "DoubleColorBallRush/DoubleColorBallRush-Prefix.pch";
				INFOPLIST_FILE = "DoubleColorBallRushTests/DoubleColorBallRushTests-Info.plist";
				PRODUCT_NAME = "$(TARGET_NAME)";
				TEST_HOST = "$(BUNDLE_LOADER)";
				WRAPPER_EXTENSION = xctest;
			};
			name = Release;
		};
/* End XCBuildConfiguration section */

/* Begin XCConfigurationList section */
		7B06ABDF192C341100DE95D7 /* Build configuration list for PBXProject "DoubleColorBallRush" */ = {
			isa = XCConfigurationList;
			buildConfigurations = (
				7B06AC0E192C341100DE95D7 /* Debug */,
				7B06AC0F192C341100DE95D7 /* Release */,
			);
			defaultConfigurationIsVisible = 0;
			defaultConfigurationName = Release;
		};
		7B06AC10192C341100DE95D7 /* Build configuration list for PBXNativeTarget "DoubleColorBallRush" */ = {
			isa = XCConfigurationList;
			buildConfigurations = (
				7B06AC11192C341100DE95D7 /* Debug */,
				7B06AC12192C341100DE95D7 /* Release */,
			);
			defaultConfigurationIsVisible = 0;
			defaultConfigurationName = Release;
		};
		7B06AC13192C341100DE95D7 /* Build configuration list for PBXNativeTarget "DoubleColorBallRushTests" */ = {
			isa = XCConfigurationList;
			buildConfigurations = (
				7B06AC14192C341100DE95D7 /* Debug */,
				7B06AC15192C341100DE95D7 /* Release */,
			);
			defaultConfigurationIsVisible = 0;
			defaultConfigurationName = Release;
		};
/* End XCConfigurationList section */
	};
	rootObject = 7B06ABDC192C341100DE95D7 /* Project object */;
}
